// !$*UTF8*$!
{
	archiveVersion = 1;
	classes = {
	};
	objectVersion = 46;
	objects = {

/* Begin PBXBuildFile section */
		BF00D26019F2200E00DF2233 /* main.m in Sources */ = {isa = PBXBuildFile; fileRef = BF00D25F19F2200E00DF2233 /* main.m */; };
		BF00D26319F2200E00DF2233 /* AppDelegate.m in Sources */ = {isa = PBXBuildFile; fileRef = BF00D26219F2200E00DF2233 /* AppDelegate.m */; };
		BF00D26619F2200E00DF2233 /* ViewController.m in Sources */ = {isa = PBXBuildFile; fileRef = BF00D26519F2200E00DF2233 /* ViewController.m */; };
		BF00D26919F2200E00DF2233 /* Main.storyboard in Resources */ = {isa = PBXBuildFile; fileRef = BF00D26719F2200E00DF2233 /* Main.storyboard */; };
		BF00D26B19F2200E00DF2233 /* Images.xcassets in Resources */ = {isa = PBXBuildFile; fileRef = BF00D26A19F2200E00DF2233 /* Images.xcassets */; };
		BF00D26E19F2200E00DF2233 /* LaunchScreen.xib in Resources */ = {isa = PBXBuildFile; fileRef = BF00D26C19F2200E00DF2233 /* LaunchScreen.xib */; };
		BF00D27A19F2200E00DF2233 /* PipeDreamLevelCreatorTests.m in Sources */ = {isa = PBXBuildFile; fileRef = BF00D27919F2200E00DF2233 /* PipeDreamLevelCreatorTests.m */; };
/* End PBXBuildFile section */

/* Begin PBXContainerItemProxy section */
		BF00D27419F2200E00DF2233 /* PBXContainerItemProxy */ = {
			isa = PBXContainerItemProxy;
			containerPortal = BF00D25219F2200E00DF2233 /* Project object */;
			proxyType = 1;
			remoteGlobalIDString = BF00D25919F2200E00DF2233;
			remoteInfo = PipeDreamLevelCreator;
		};
/* End PBXContainerItemProxy section */

/* Begin PBXFileReference section */
		BF00D25A19F2200E00DF2233 /* PipeDreamLevelCreator.app */ = {isa = PBXFileReference; explicitFileType = wrapper.application; includeInIndex = 0; path = PipeDreamLevelCreator.app; sourceTree = BUILT_PRODUCTS_DIR; };
		BF00D25E19F2200E00DF2233 /* Info.plist */ = {isa = PBXFileReference; lastKnownFileType = text.plist.xml; path = Info.plist; sourceTree = "<group>"; };
		BF00D25F19F2200E00DF2233 /* main.m */ = {isa = PBXFileReference; lastKnownFileType = sourcecode.c.objc; path = main.m; sourceTree = "<group>"; };
		BF00D26119F2200E00DF2233 /* AppDelegate.h */ = {isa = PBXFileReference; lastKnownFileType = sourcecode.c.h; path = AppDelegate.h; sourceTree = "<group>"; };
		BF00D26219F2200E00DF2233 /* AppDelegate.m */ = {isa = PBXFileReference; lastKnownFileType = sourcecode.c.objc; path = AppDelegate.m; sourceTree = "<group>"; };
		BF00D26419F2200E00DF2233 /* ViewController.h */ = {isa = PBXFileReference; lastKnownFileType = sourcecode.c.h; path = ViewController.h; sourceTree = "<group>"; };
		BF00D26519F2200E00DF2233 /* ViewController.m */ = {isa = PBXFileReference; lastKnownFileType = sourcecode.c.objc; path = ViewController.m; sourceTree = "<group>"; };
		BF00D26819F2200E00DF2233 /* Base */ = {isa = PBXFileReference; lastKnownFileType = file.storyboard; name = Base; path = Base.lproj/Main.storyboard; sourceTree = "<group>"; };
		BF00D26A19F2200E00DF2233 /* Images.xcassets */ = {isa = PBXFileReference; lastKnownFileType = folder.assetcatalog; path = Images.xcassets; sourceTree = "<group>"; };
		BF00D26D19F2200E00DF2233 /* Base */ = {isa = PBXFileReference; lastKnownFileType = file.xib; name = Base; path = Base.lproj/LaunchScreen.xib; sourceTree = "<group>"; };
		BF00D27319F2200E00DF2233 /* PipeDreamLevelCreatorTests.xctest */ = {isa = PBXFileReference; explicitFileType = wrapper.cfbundle; includeInIndex = 0; path = PipeDreamLevelCreatorTests.xctest; sourceTree = BUILT_PRODUCTS_DIR; };
		BF00D27819F2200E00DF2233 /* Info.plist */ = {isa = PBXFileReference; lastKnownFileType = text.plist.xml; path = Info.plist; sourceTree = "<group>"; };
		BF00D27919F2200E00DF2233 /* PipeDreamLevelCreatorTests.m */ = {isa = PBXFileReference; lastKnownFileType = sourcecode.c.objc; path = PipeDreamLevelCreatorTests.m; sourceTree = "<group>"; };
/* End PBXFileReference section */

/* Begin PBXFrameworksBuildPhase section */
		BF00D25719F2200E00DF2233 /* Frameworks */ = {
			isa = PBXFrameworksBuildPhase;
			buildActionMask = 2147483647;
			files = (
			);
			runOnlyForDeploymentPostprocessing = 0;
		};
		BF00D27019F2200E00DF2233 /* Frameworks */ = {
			isa = PBXFrameworksBuildPhase;
			buildActionMask = 2147483647;
			files = (
			);
			runOnlyForDeploymentPostprocessing = 0;
		};
/* End PBXFrameworksBuildPhase section */

/* Begin PBXGroup section */
		BF00D25119F2200E00DF2233 = {
			isa = PBXGroup;
			children = (
				BF00D25C19F2200E00DF2233 /* PipeDreamLevelCreator */,
				BF00D27619F2200E00DF2233 /* PipeDreamLevelCreatorTests */,
				BF00D25B19F2200E00DF2233 /* Products */,
			);
			sourceTree = "<group>";
		};
		BF00D25B19F2200E00DF2233 /* Products */ = {
			isa = PBXGroup;
			children = (
				BF00D25A19F2200E00DF2233 /* PipeDreamLevelCreator.app */,
				BF00D27319F2200E00DF2233 /* PipeDreamLevelCreatorTests.xctest */,
			);
			name = Products;
			sourceTree = "<group>";
		};
		BF00D25C19F2200E00DF2233 /* PipeDreamLevelCreator */ = {
			isa = PBXGroup;
			children = (
				BF00D26119F2200E00DF2233 /* AppDelegate.h */,
				BF00D26219F2200E00DF2233 /* AppDelegate.m */,
				BF00D26419F2200E00DF2233 /* ViewController.h */,
				BF00D26519F2200E00DF2233 /* ViewController.m */,
				BF00D26719F2200E00DF2233 /* Main.storyboard */,
				BF00D26A19F2200E00DF2233 /* Images.xcassets */,
				BF00D26C19F2200E00DF2233 /* LaunchScreen.xib */,
				BF00D25D19F2200E00DF2233 /* Supporting Files */,
			);
			path = PipeDreamLevelCreator;
			sourceTree = "<group>";
		};
		BF00D25D19F2200E00DF2233 /* Supporting Files */ = {
			isa = PBXGroup;
			children = (
				BF00D25E19F2200E00DF2233 /* Info.plist */,
				BF00D25F19F2200E00DF2233 /* main.m */,
			);
			name = "Supporting Files";
			sourceTree = "<group>";
		};
		BF00D27619F2200E00DF2233 /* PipeDreamLevelCreatorTests */ = {
			isa = PBXGroup;
			children = (
				BF00D27919F2200E00DF2233 /* PipeDreamLevelCreatorTests.m */,
				BF00D27719F2200E00DF2233 /* Supporting Files */,
			);
			path = PipeDreamLevelCreatorTests;
			sourceTree = "<group>";
		};
		BF00D27719F2200E00DF2233 /* Supporting Files */ = {
			isa = PBXGroup;
			children = (
				BF00D27819F2200E00DF2233 /* Info.plist */,
			);
			name = "Supporting Files";
			sourceTree = "<group>";
		};
/* End PBXGroup section */

/* Begin PBXNativeTarget section */
		BF00D25919F2200E00DF2233 /* PipeDreamLevelCreator */ = {
			isa = PBXNativeTarget;
			buildConfigurationList = BF00D27D19F2200E00DF2233 /* Build configuration list for PBXNativeTarget "PipeDreamLevelCreator" */;
			buildPhases = (
				BF00D25619F2200E00DF2233 /* Sources */,
				BF00D25719F2200E00DF2233 /* Frameworks */,
				BF00D25819F2200E00DF2233 /* Resources */,
			);
			buildRules = (
			);
			dependencies = (
			);
			name = PipeDreamLevelCreator;
			productName = PipeDreamLevelCreator;
			productReference = BF00D25A19F2200E00DF2233 /* PipeDreamLevelCreator.app */;
			productType = "com.apple.product-type.application";
		};
		BF00D27219F2200E00DF2233 /* PipeDreamLevelCreatorTests */ = {
			isa = PBXNativeTarget;
			buildConfigurationList = BF00D28019F2200E00DF2233 /* Build configuration list for PBXNativeTarget "PipeDreamLevelCreatorTests" */;
			buildPhases = (
				BF00D26F19F2200E00DF2233 /* Sources */,
				BF00D27019F2200E00DF2233 /* Frameworks */,
				BF00D27119F2200E00DF2233 /* Resources */,
			);
			buildRules = (
			);
			dependencies = (
				BF00D27519F2200E00DF2233 /* PBXTargetDependency */,
			);
			name = PipeDreamLevelCreatorTests;
			productName = PipeDreamLevelCreatorTests;
			productReference = BF00D27319F2200E00DF2233 /* PipeDreamLevelCreatorTests.xctest */;
			productType = "com.apple.product-type.bundle.unit-test";
		};
/* End PBXNativeTarget section */

/* Begin PBXProject section */
		BF00D25219F2200E00DF2233 /* Project object */ = {
			isa = PBXProject;
			attributes = {
				LastUpgradeCheck = 0600;
				ORGANIZATIONNAME = "Flapjack Stack Hack";
				TargetAttributes = {
					BF00D25919F2200E00DF2233 = {
						CreatedOnToolsVersion = 6.0;
					};
					BF00D27219F2200E00DF2233 = {
						CreatedOnToolsVersion = 6.0;
						TestTargetID = BF00D25919F2200E00DF2233;
					};
				};
			};
			buildConfigurationList = BF00D25519F2200E00DF2233 /* Build configuration list for PBXProject "PipeDreamLevelCreator" */;
			compatibilityVersion = "Xcode 3.2";
			developmentRegion = English;
			hasScannedForEncodings = 0;
			knownRegions = (
				en,
				Base,
			);
			mainGroup = BF00D25119F2200E00DF2233;
			productRefGroup = BF00D25B19F2200E00DF2233 /* Products */;
			projectDirPath = "";
			projectRoot = "";
			targets = (
				BF00D25919F2200E00DF2233 /* PipeDreamLevelCreator */,
				BF00D27219F2200E00DF2233 /* PipeDreamLevelCreatorTests */,
			);
		};
/* End PBXProject section */

/* Begin PBXResourcesBuildPhase section */
		BF00D25819F2200E00DF2233 /* Resources */ = {
			isa = PBXResourcesBuildPhase;
			buildActionMask = 2147483647;
			files = (
				BF00D26919F2200E00DF2233 /* Main.storyboard in Resources */,
				BF00D26E19F2200E00DF2233 /* LaunchScreen.xib in Resources */,
				BF00D26B19F2200E00DF2233 /* Images.xcassets in Resources */,
			);
			runOnlyForDeploymentPostprocessing = 0;
		};
		BF00D27119F2200E00DF2233 /* Resources */ = {
			isa = PBXResourcesBuildPhase;
			buildActionMask = 2147483647;
			files = (
			);
			runOnlyForDeploymentPostprocessing = 0;
		};
/* End PBXResourcesBuildPhase section */

/* Begin PBXSourcesBuildPhase section */
		BF00D25619F2200E00DF2233 /* Sources */ = {
			isa = PBXSourcesBuildPhase;
			buildActionMask = 2147483647;
			files = (
				BF00D26619F2200E00DF2233 /* ViewController.m in Sources */,
				BF00D26319F2200E00DF2233 /* AppDelegate.m in Sources */,
				BF00D26019F2200E00DF2233 /* main.m in Sources */,
			);
			runOnlyForDeploymentPostprocessing = 0;
		};
		BF00D26F19F2200E00DF2233 /* Sources */ = {
			isa = PBXSourcesBuildPhase;
			buildActionMask = 2147483647;
			files = (
				BF00D27A19F2200E00DF2233 /* PipeDreamLevelCreatorTests.m in Sources */,
			);
			runOnlyForDeploymentPostprocessing = 0;
		};
/* End PBXSourcesBuildPhase section */

/* Begin PBXTargetDependency section */
		BF00D27519F2200E00DF2233 /* PBXTargetDependency */ = {
			isa = PBXTargetDependency;
			target = BF00D25919F2200E00DF2233 /* PipeDreamLevelCreator */;
			targetProxy = BF00D27419F2200E00DF2233 /* PBXContainerItemProxy */;
		};
/* End PBXTargetDependency section */

/* Begin PBXVariantGroup section */
		BF00D26719F2200E00DF2233 /* Main.storyboard */ = {
			isa = PBXVariantGroup;
			children = (
				BF00D26819F2200E00DF2233 /* Base */,
			);
			name = Main.storyboard;
			sourceTree = "<group>";
		};
		BF00D26C19F2200E00DF2233 /* LaunchScreen.xib */ = {
			isa = PBXVariantGroup;
			children = (
				BF00D26D19F2200E00DF2233 /* Base */,
			);
			name = LaunchScreen.xib;
			sourceTree = "<group>";
		};
/* End PBXVariantGroup section */

/* Begin XCBuildConfiguration section */
		BF00D27B19F2200E00DF2233 /* Debug */ = {
			isa = XCBuildConfiguration;
			buildSettings = {
				ALWAYS_SEARCH_USER_PATHS = NO;
				CLANG_CXX_LANGUAGE_STANDARD = "gnu++0x";
				CLANG_CXX_LIBRARY = "libc++";
				CLANG_ENABLE_MODULES = YES;
				CLANG_ENABLE_OBJC_ARC = YES;
				CLANG_WARN_BOOL_CONVERSION = YES;
				CLANG_WARN_CONSTANT_CONVERSION = YES;
				CLANG_WARN_DIRECT_OBJC_ISA_USAGE = YES_ERROR;
				CLANG_WARN_EMPTY_BODY = YES;
				CLANG_WARN_ENUM_CONVERSION = YES;
				CLANG_WARN_INT_CONVERSION = YES;
				CLANG_WARN_OBJC_ROOT_CLASS = YES_ERROR;
				CLANG_WARN_UNREACHABLE_CODE = YES;
				CLANG_WARN__DUPLICATE_METHOD_MATCH = YES;
				"CODE_SIGN_IDENTITY[sdk=iphoneos*]" = "iPhone Developer";
				COPY_PHASE_STRIP = NO;
				ENABLE_STRICT_OBJC_MSGSEND = YES;
				GCC_C_LANGUAGE_STANDARD = gnu99;
				GCC_DYNAMIC_NO_PIC = NO;
				GCC_OPTIMIZATION_LEVEL = 0;
				GCC_PREPROCESSOR_DEFINITIONS = (
					"DEBUG=1",
					"$(inherited)",
				);
				GCC_SYMBOLS_PRIVATE_EXTERN = NO;
				GCC_WARN_64_TO_32_BIT_CONVERSION = YES;
				GCC_WARN_ABOUT_RETURN_TYPE = YES_ERROR;
				GCC_WARN_UNDECLARED_SELECTOR = YES;
				GCC_WARN_UNINITIALIZED_AUTOS = YES_AGGRESSIVE;
				GCC_WARN_UNUSED_FUNCTION = YES;
				GCC_WARN_UNUSED_VARIABLE = YES;
				IPHONEOS_DEPLOYMENT_TARGET = 8.0;
				MTL_ENABLE_DEBUG_INFO = YES;
				ONLY_ACTIVE_ARCH = YES;
				SDKROOT = iphoneos;
				TARGETED_DEVICE_FAMILY = 2;
			};
			name = Debug;
		};
		BF00D27C19F2200E00DF2233 /* Release */ = {
			isa = XCBuildConfiguration;
			buildSettings = {
				ALWAYS_SEARCH_USER_PATHS = NO;
				CLANG_CXX_LANGUAGE_STANDARD = "gnu++0x";
				CLANG_CXX_LIBRARY = "libc++";
				CLANG_ENABLE_MODULES = YES;
				CLANG_ENABLE_OBJC_ARC = YES;
				CLANG_WARN_BOOL_CONVERSION = YES;
				CLANG_WARN_CONSTANT_CONVERSION = YES;
				CLANG_WARN_DIRECT_OBJC_ISA_USAGE = YES_ERROR;
				CLANG_WARN_EMPTY_BODY = YES;
				CLANG_WARN_ENUM_CONVERSION = YES;
				CLANG_WARN_INT_CONVERSION = YES;
				CLANG_WARN_OBJC_ROOT_CLASS = YES_ERROR;
				CLANG_WARN_UNREACHABLE_CODE = YES;
				CLANG_WARN__DUPLICATE_METHOD_MATCH = YES;
				"CODE_SIGN_IDENTITY[sdk=iphoneos*]" = "iPhone Developer";
				COPY_PHASE_STRIP = YES;
				ENABLE_NS_ASSERTIONS = NO;
				ENABLE_STRICT_OBJC_MSGSEND = YES;
				GCC_C_LANGUAGE_STANDARD = gnu99;
				GCC_WARN_64_TO_32_BIT_CONVERSION = YES;
				GCC_WARN_ABOUT_RETURN_TYPE = YES_ERROR;
				GCC_WARN_UNDECLARED_SELECTOR = YES;
				GCC_WARN_UNINITIALIZED_AUTOS = YES_AGGRESSIVE;
				GCC_WARN_UNUSED_FUNCTION = YES;
				GCC_WARN_UNUSED_VARIABLE = YES;
				IPHONEOS_DEPLOYMENT_TARGET = 8.0;
				MTL_ENABLE_DEBUG_INFO = NO;
				SDKROOT = iphoneos;
				TARGETED_DEVICE_FAMILY = 2;
				VALIDATE_PRODUCT = YES;
			};
			name = Release;
		};
		BF00D27E19F2200E00DF2233 /* Debug */ = {
			isa = XCBuildConfiguration;
			buildSettings = {
				ASSETCATALOG_COMPILER_APPICON_NAME = AppIcon;
				INFOPLIST_FILE = PipeDreamLevelCreator/Info.plist;
				LD_RUNPATH_SEARCH_PATHS = "$(inherited) @executable_path/Frameworks";
				PRODUCT_NAME = "$(TARGET_NAME)";
			};
			name = Debug;
		};
		BF00D27F19F2200E00DF2233 /* Release */ = {
			isa = XCBuildConfiguration;
			buildSettings = {
				ASSETCATALOG_COMPILER_APPICON_NAME = AppIcon;
				INFOPLIST_FILE = PipeDreamLevelCreator/Info.plist;
				LD_RUNPATH_SEARCH_PATHS = "$(inherited) @executable_path/Frameworks";
				PRODUCT_NAME = "$(TARGET_NAME)";
			};
			name = Release;
		};
		BF00D28119F2200E00DF2233 /* Debug */ = {
			isa = XCBuildConfiguration;
			buildSettings = {
				BUNDLE_LOADER = "$(TEST_HOST)";
				FRAMEWORK_SEARCH_PATHS = (
					"$(SDKROOT)/Developer/Library/Frameworks",
					"$(inherited)",
				);
				GCC_PREPROCESSOR_DEFINITIONS = (
					"DEBUG=1",
					"$(inherited)",
				);
				INFOPLIST_FILE = PipeDreamLevelCreatorTests/Info.plist;
				LD_RUNPATH_SEARCH_PATHS = "$(inherited) @executable_path/Frameworks @loader_path/Frameworks";
				PRODUCT_NAME = "$(TARGET_NAME)";
				TEST_HOST = "$(BUILT_PRODUCTS_DIR)/PipeDreamLevelCreator.app/PipeDreamLevelCreator";
			};
			name = Debug;
		};
		BF00D28219F2200E00DF2233 /* Release */ = {
			isa = XCBuildConfiguration;
			buildSettings = {
				BUNDLE_LOADER = "$(TEST_HOST)";
				FRAMEWORK_SEARCH_PATHS = (
					"$(SDKROOT)/Developer/Library/Frameworks",
					"$(inherited)",
				);
				INFOPLIST_FILE = PipeDreamLevelCreatorTests/Info.plist;
				LD_RUNPATH_SEARCH_PATHS = "$(inherited) @executable_path/Frameworks @loader_path/Frameworks";
				PRODUCT_NAME = "$(TARGET_NAME)";
				TEST_HOST = "$(BUILT_PRODUCTS_DIR)/PipeDreamLevelCreator.app/PipeDreamLevelCreator";
			};
			name = Release;
		};
/* End XCBuildConfiguration section */

/* Begin XCConfigurationList section */
		BF00D25519F2200E00DF2233 /* Build configuration list for PBXProject "PipeDreamLevelCreator" */ = {
			isa = XCConfigurationList;
			buildConfigurations = (
				BF00D27B19F2200E00DF2233 /* Debug */,
				BF00D27C19F2200E00DF2233 /* Release */,
			);
			defaultConfigurationIsVisible = 0;
			defaultConfigurationName = Release;
		};
		BF00D27D19F2200E00DF2233 /* Build configuration list for PBXNativeTarget "PipeDreamLevelCreator" */ = {
			isa = XCConfigurationList;
			buildConfigurations = (
				BF00D27E19F2200E00DF2233 /* Debug */,
				BF00D27F19F2200E00DF2233 /* Release */,
			);
			defaultConfigurationIsVisible = 0;
		};
		BF00D28019F2200E00DF2233 /* Build configuration list for PBXNativeTarget "PipeDreamLevelCreatorTests" */ = {
			isa = XCConfigurationList;
			buildConfigurations = (
				BF00D28119F2200E00DF2233 /* Debug */,
				BF00D28219F2200E00DF2233 /* Release */,
			);
			defaultConfigurationIsVisible = 0;
		};
/* End XCConfigurationList section */
	};
	rootObject = BF00D25219F2200E00DF2233 /* Project object */;
}
